
Microsoft Visual Studio Solution File, Format Version 12.00
# Visual Studio Version 17
VisualStudioVersion = 17.5.002.0
MinimumVisualStudioVersion = 10.0.40219.1
Project("{9A19103F-16F7-4668-BE54-9A1E7A4F7556}") = "ZooVisit", "ZooVisit.csproj", "{F9D16FCF-7129-4C72-8293-BE4860AE614F}"
EndProject
Global
	GlobalSection(SolutionConfigurationPlatforms) = preSolution
		Debug|Any CPU = Debug|Any CPU
		Release|Any CPU = Release|Any CPU
	EndGlobalSection
	GlobalSection(ProjectConfigurationPlatforms) = postSolution
		{F9D16FCF-7129-4C72-8293-BE4860AE614F}.Debug|Any CPU.ActiveCfg = Debug|Any CPU
		{F9D16FCF-7129-4C72-8293-BE4860AE614F}.Debug|Any CPU.Build.0 = Debug|Any CPU
		{F9D16FCF-7129-4C72-8293-BE4860AE614F}.Release|Any CPU.ActiveCfg = Release|Any CPU
		{F9D16FCF-7129-4C72-8293-BE4860AE614F}.Release|Any CPU.Build.0 = Release|Any CPU
	EndGlobalSection
	GlobalSection(SolutionProperties) = preSolution
		HideSolutionNode = FALSE
	EndGlobalSection
	GlobalSection(ExtensibilityGlobals) = postSolution
		SolutionGuid = {1BE52C3B-007E-4217-9A12-D7D91DD4DBF6}
	EndGlobalSection
EndGlobal
